// !$*UTF8*$!
{
	archiveVersion = 1;
	classes = {
	};
	objectVersion = 77;
	objects = {

/* Begin PBXBuildFile section */
		29F8FEE99307B1D15A4B5971 /* Subcategory.swift in Sources */ = {isa = PBXBuildFile; fileRef = C15A25872F4A4AA20011551A /* Subcategory.swift */; };
		2C1B0F0C8FC41C48167A661F /* LamanDeliveryApp.swift in Sources */ = {isa = PBXBuildFile; fileRef = C15A25812F4A4AA20011551A /* LamanDeliveryApp.swift */; };
		3FCA96F03A89D66C274D048E /* OrderView.swift in Sources */ = {isa = PBXBuildFile; fileRef = C15A258B2F4A4AA20011551A /* OrderView.swift */; };
		46D28D3E75EFC939F1C2E16B /* StoreCardView.swift in Sources */ = {isa = PBXBuildFile; fileRef = C15A25902F4A4AA20011551A /* StoreCardView.swift */; };
		56592B0B37C82874168C8113 /* StoreDetailView.swift in Sources */ = {isa = PBXBuildFile; fileRef = C15A25912F4A4AA20011551A /* StoreDetailView.swift */; };
		591E0A3B5744DF37CE181EE9 /* LamanAPI.swift in Sources */ = {isa = PBXBuildFile; fileRef = C15A258E2F4A4AA20011551A /* LamanAPI.swift */; };
		784DFE1D9ED85ACD80D49EB4 /* OrdersView.swift in Sources */ = {isa = PBXBuildFile; fileRef = C15A258A2F4A4AA20011551A /* OrdersView.swift */; };
		7FDDA7AD3B38ED61D5CF3B5E /* ProfileView.swift in Sources */ = {isa = PBXBuildFile; fileRef = C15A258D2F4A4AA20011551A /* ProfileView.swift */; };
		948C8C0673F3381F2EEC1825 /* CatalogView.swift in Sources */ = {isa = PBXBuildFile; fileRef = C15A257E2F4A4AA20011551A /* CatalogView.swift */; };
		95A20226EDE0063768EE0112 /* Store.swift in Sources */ = {isa = PBXBuildFile; fileRef = C15A25862F4A4AA20011551A /* Store.swift */; };
		A2CD27CA9E4EE768CB2125C4 /* Order.swift in Sources */ = {isa = PBXBuildFile; fileRef = C15A25832F4A4AA20011551A /* Order.swift */; };
		A2D3D3B8BEEADBA273B79719 /* StoresHubView.swift in Sources */ = {isa = PBXBuildFile; fileRef = C15A25922F4A4AA20011551A /* StoresHubView.swift */; };
		A3914ACF550FC58D78BA4B6D /* CartViewModel.swift in Sources */ = {isa = PBXBuildFile; fileRef = C15A257D2F4A4AA20011551A /* CartViewModel.swift */; };
		AF3170155280350A5FF58DEA /* CatalogViewModel.swift in Sources */ = {isa = PBXBuildFile; fileRef = C15A25932F4A4AA20011551A /* CatalogViewModel.swift */; };
		B1C2D3E4F5061728394A5B6C /* KeychainStore.swift in Sources */ = {isa = PBXBuildFile; fileRef = A1B2C3D4E5F60718293A4B5C /* KeychainStore.swift */; };
		B7DBBDEEE051C0C675F999F7 /* CartView.swift in Sources */ = {isa = PBXBuildFile; fileRef = C15A257C2F4A4AA20011551A /* CartView.swift */; };
		C10362F42F4A4BBD00A46923 /* ContentView.swift in Sources */ = {isa = PBXBuildFile; fileRef = C15A257F2F4A4AA20011551A /* ContentView.swift */; };
		C10362F52F4A4D1D00A46923 /* OrderDetailView.swift in Sources */ = {isa = PBXBuildFile; fileRef = C15A25892F4A4AA20011551A /* OrderDetailView.swift */; };
		C382900AC681B937DAD6405D /* Category.swift in Sources */ = {isa = PBXBuildFile; fileRef = C15A25822F4A4AA20011551A /* Category.swift */; };
		DF5F5B283CD58A06DD8B7A77 /* ProductRowView.swift in Sources */ = {isa = PBXBuildFile; fileRef = C15A258C2F4A4AA20011551A /* ProductRowView.swift */; };
		E7A223B08940C41AC905B24C /* OrderItem.swift in Sources */ = {isa = PBXBuildFile; fileRef = C15A25842F4A4AA20011551A /* OrderItem.swift */; };
		EADD2781A3B4ADA826506A67 /* Product.swift in Sources */ = {isa = PBXBuildFile; fileRef = C15A25852F4A4AA20011551A /* Product.swift */; };
		FEEF4381379BDB1B17794886 /* StoresViewModel.swift in Sources */ = {isa = PBXBuildFile; fileRef = C15A25942F4A4AA20011551A /* StoresViewModel.swift */; };
/* End PBXBuildFile section */

/* Begin PBXFileReference section */
		A1B2C3D4E5F60718293A4B5C /* KeychainStore.swift */ = {isa = PBXFileReference; lastKnownFileType = sourcecode.swift; path = KeychainStore.swift; sourceTree = "<group>"; };
		C15A257B2F4A4AA20011551A /* Assets.xcassets */ = {isa = PBXFileReference; lastKnownFileType = folder.assetcatalog; path = Assets.xcassets; sourceTree = "<group>"; };
		C15A257C2F4A4AA20011551A /* CartView.swift */ = {isa = PBXFileReference; lastKnownFileType = sourcecode.swift; path = CartView.swift; sourceTree = "<group>"; };
		C15A257D2F4A4AA20011551A /* CartViewModel.swift */ = {isa = PBXFileReference; lastKnownFileType = sourcecode.swift; path = CartViewModel.swift; sourceTree = "<group>"; };
		C15A257E2F4A4AA20011551A /* CatalogView.swift */ = {isa = PBXFileReference; lastKnownFileType = sourcecode.swift; path = CatalogView.swift; sourceTree = "<group>"; };
		C15A257F2F4A4AA20011551A /* ContentView.swift */ = {isa = PBXFileReference; lastKnownFileType = sourcecode.swift; path = ContentView.swift; sourceTree = "<group>"; };
		C15A25812F4A4AA20011551A /* LamanDeliveryApp.swift */ = {isa = PBXFileReference; lastKnownFileType = sourcecode.swift; path = LamanDeliveryApp.swift; sourceTree = "<group>"; };
		C15A25822F4A4AA20011551A /* Category.swift */ = {isa = PBXFileReference; lastKnownFileType = sourcecode.swift; path = Category.swift; sourceTree = "<group>"; };
		C15A25832F4A4AA20011551A /* Order.swift */ = {isa = PBXFileReference; lastKnownFileType = sourcecode.swift; path = Order.swift; sourceTree = "<group>"; };
		C15A25842F4A4AA20011551A /* OrderItem.swift */ = {isa = PBXFileReference; lastKnownFileType = sourcecode.swift; path = OrderItem.swift; sourceTree = "<group>"; };
		C15A25852F4A4AA20011551A /* Product.swift */ = {isa = PBXFileReference; lastKnownFileType = sourcecode.swift; path = Product.swift; sourceTree = "<group>"; };
		C15A25862F4A4AA20011551A /* Store.swift */ = {isa = PBXFileReference; lastKnownFileType = sourcecode.swift; path = Store.swift; sourceTree = "<group>"; };
		C15A25872F4A4AA20011551A /* Subcategory.swift */ = {isa = PBXFileReference; lastKnownFileType = sourcecode.swift; path = Subcategory.swift; sourceTree = "<group>"; };
		C15A25892F4A4AA20011551A /* OrderDetailView.swift */ = {isa = PBXFileReference; lastKnownFileType = sourcecode.swift; path = OrderDetailView.swift; sourceTree = "<group>"; };
		C15A258A2F4A4AA20011551A /* OrdersView.swift */ = {isa = PBXFileReference; lastKnownFileType = sourcecode.swift; path = OrdersView.swift; sourceTree = "<group>"; };
		C15A258B2F4A4AA20011551A /* OrderView.swift */ = {isa = PBXFileReference; lastKnownFileType = sourcecode.swift; path = OrderView.swift; sourceTree = "<group>"; };
		C15A258C2F4A4AA20011551A /* ProductRowView.swift */ = {isa = PBXFileReference; lastKnownFileType = sourcecode.swift; path = ProductRowView.swift; sourceTree = "<group>"; };
		C15A258D2F4A4AA20011551A /* ProfileView.swift */ = {isa = PBXFileReference; lastKnownFileType = sourcecode.swift; path = ProfileView.swift; sourceTree = "<group>"; };
		C15A258E2F4A4AA20011551A /* LamanAPI.swift */ = {isa = PBXFileReference; lastKnownFileType = sourcecode.swift; path = LamanAPI.swift; sourceTree = "<group>"; };
		C15A25902F4A4AA20011551A /* StoreCardView.swift */ = {isa = PBXFileReference; lastKnownFileType = sourcecode.swift; path = StoreCardView.swift; sourceTree = "<group>"; };
		C15A25912F4A4AA20011551A /* StoreDetailView.swift */ = {isa = PBXFileReference; lastKnownFileType = sourcecode.swift; path = StoreDetailView.swift; sourceTree = "<group>"; };
		C15A25922F4A4AA20011551A /* StoresHubView.swift */ = {isa = PBXFileReference; lastKnownFileType = sourcecode.swift; path = StoresHubView.swift; sourceTree = "<group>"; };
		C15A25932F4A4AA20011551A /* CatalogViewModel.swift */ = {isa = PBXFileReference; lastKnownFileType = sourcecode.swift; path = CatalogViewModel.swift; sourceTree = "<group>"; };
		C15A25942F4A4AA20011551A /* StoresViewModel.swift */ = {isa = PBXFileReference; lastKnownFileType = sourcecode.swift; path = StoresViewModel.swift; sourceTree = "<group>"; };
		C15E9DD92F38BC54005F000E /* LamanDelivery.app */ = {isa = PBXFileReference; explicitFileType = wrapper.application; includeInIndex = 0; path = LamanDelivery.app; sourceTree = BUILT_PRODUCTS_DIR; };
/* End PBXFileReference section */

/* Begin PBXFrameworksBuildPhase section */
		C15E9DD62F38BC54005F000E /* Frameworks */ = {
			isa = PBXFrameworksBuildPhase;
			buildActionMask = 2147483647;
			files = (
			);
			runOnlyForDeploymentPostprocessing = 0;
		};
/* End PBXFrameworksBuildPhase section */

/* Begin PBXGroup section */
		C15A25882F4A4AA20011551A /* Models */ = {
			isa = PBXGroup;
			children = (
				C15A25822F4A4AA20011551A /* Category.swift */,
				C15A25832F4A4AA20011551A /* Order.swift */,
				C15A25842F4A4AA20011551A /* OrderItem.swift */,
				C15A25852F4A4AA20011551A /* Product.swift */,
				C15A25862F4A4AA20011551A /* Store.swift */,
				C15A25872F4A4AA20011551A /* Subcategory.swift */,
			);
			path = Models;
			sourceTree = "<group>";
		};
		C15A258F2F4A4AA20011551A /* Services */ = {
			isa = PBXGroup;
			children = (
				C15A258E2F4A4AA20011551A /* LamanAPI.swift */,
				A1B2C3D4E5F60718293A4B5C /* KeychainStore.swift */,
			);
			path = Services;
			sourceTree = "<group>";
		};
		C15A25952F4A4AA20011551A /* ViewModels */ = {
			isa = PBXGroup;
			children = (
				C15A25932F4A4AA20011551A /* CatalogViewModel.swift */,
				C15A25942F4A4AA20011551A /* StoresViewModel.swift */,
			);
			path = ViewModels;
			sourceTree = "<group>";
		};
		C15E9DD02F38BC54005F000E = {
			isa = PBXGroup;
			children = (
				C15A257B2F4A4AA20011551A /* Assets.xcassets */,
				C15A257C2F4A4AA20011551A /* CartView.swift */,
				C15A257D2F4A4AA20011551A /* CartViewModel.swift */,
				C15A257E2F4A4AA20011551A /* CatalogView.swift */,
				C15A257F2F4A4AA20011551A /* ContentView.swift */,
				C15A25812F4A4AA20011551A /* LamanDeliveryApp.swift */,
				C15A25882F4A4AA20011551A /* Models */,
				C15A25892F4A4AA20011551A /* OrderDetailView.swift */,
				C15A258A2F4A4AA20011551A /* OrdersView.swift */,
				C15A258B2F4A4AA20011551A /* OrderView.swift */,
				C15A258C2F4A4AA20011551A /* ProductRowView.swift */,
				C15A258D2F4A4AA20011551A /* ProfileView.swift */,
				C15A258F2F4A4AA20011551A /* Services */,
				C15A25902F4A4AA20011551A /* StoreCardView.swift */,
				C15A25912F4A4AA20011551A /* StoreDetailView.swift */,
				C15A25922F4A4AA20011551A /* StoresHubView.swift */,
				C15A25952F4A4AA20011551A /* ViewModels */,
				C15E9DDA2F38BC54005F000E /* Products */,
			);
			sourceTree = "<group>";
		};
		C15E9DDA2F38BC54005F000E /* Products */ = {
			isa = PBXGroup;
			children = (
				C15E9DD92F38BC54005F000E /* LamanDelivery.app */,
			);
			name = Products;
			sourceTree = "<group>";
		};
/* End PBXGroup section */

/* Begin PBXNativeTarget section */
		C15E9DD82F38BC54005F000E /* LamanDelivery */ = {
			isa = PBXNativeTarget;
			buildConfigurationList = C15E9DE42F38BC55005F000E /* Build configuration list for PBXNativeTarget "LamanDelivery" */;
			buildPhases = (
				C15E9DD52F38BC54005F000E /* Sources */,
				C15E9DD62F38BC54005F000E /* Frameworks */,
				C15E9DD72F38BC54005F000E /* Resources */,
			);
			buildRules = (
			);
			dependencies = (
			);
			name = LamanDelivery;
			packageProductDependencies = (
			);
			productName = LamanDelivery;
			productReference = C15E9DD92F38BC54005F000E /* LamanDelivery.app */;
			productType = "com.apple.product-type.application";
		};
/* End PBXNativeTarget section */

/* Begin PBXProject section */
		C15E9DD12F38BC54005F000E /* Project object */ = {
			isa = PBXProject;
			attributes = {
				BuildIndependentTargetsInParallel = 1;
				LastSwiftUpdateCheck = 2620;
				LastUpgradeCheck = 2620;
				TargetAttributes = {
					C15E9DD82F38BC54005F000E = {
						CreatedOnToolsVersion = 26.2;
					};
				};
			};
			buildConfigurationList = C15E9DD42F38BC54005F000E /* Build configuration list for PBXProject "LamanDelivery" */;
			developmentRegion = en;
			hasScannedForEncodings = 0;
			knownRegions = (
				en,
				Base,
			);
			mainGroup = C15E9DD02F38BC54005F000E;
			minimizedProjectReferenceProxies = 1;
			preferredProjectObjectVersion = 77;
			productRefGroup = C15E9DDA2F38BC54005F000E /* Products */;
			projectDirPath = "";
			projectRoot = "";
			targets = (
				C15E9DD82F38BC54005F000E /* LamanDelivery */,
			);
		};
/* End PBXProject section */

/* Begin PBXResourcesBuildPhase section */
		C15E9DD72F38BC54005F000E /* Resources */ = {
			isa = PBXResourcesBuildPhase;
			buildActionMask = 2147483647;
			files = (
			);
			runOnlyForDeploymentPostprocessing = 0;
		};
/* End PBXResourcesBuildPhase section */

/* Begin PBXSourcesBuildPhase section */
		C15E9DD52F38BC54005F000E /* Sources */ = {
			isa = PBXSourcesBuildPhase;
			buildActionMask = 2147483647;
			files = (
				B7DBBDEEE051C0C675F999F7 /* CartView.swift in Sources */,
				A3914ACF550FC58D78BA4B6D /* CartViewModel.swift in Sources */,
				948C8C0673F3381F2EEC1825 /* CatalogView.swift in Sources */,
				C10362F42F4A4BBD00A46923 /* ContentView.swift in Sources */,
				2C1B0F0C8FC41C48167A661F /* LamanDeliveryApp.swift in Sources */,
				C382900AC681B937DAD6405D /* Category.swift in Sources */,
				A2CD27CA9E4EE768CB2125C4 /* Order.swift in Sources */,
				E7A223B08940C41AC905B24C /* OrderItem.swift in Sources */,
				EADD2781A3B4ADA826506A67 /* Product.swift in Sources */,
				95A20226EDE0063768EE0112 /* Store.swift in Sources */,
				29F8FEE99307B1D15A4B5971 /* Subcategory.swift in Sources */,
				C10362F52F4A4D1D00A46923 /* OrderDetailView.swift in Sources */,
				784DFE1D9ED85ACD80D49EB4 /* OrdersView.swift in Sources */,
				3FCA96F03A89D66C274D048E /* OrderView.swift in Sources */,
				DF5F5B283CD58A06DD8B7A77 /* ProductRowView.swift in Sources */,
				7FDDA7AD3B38ED61D5CF3B5E /* ProfileView.swift in Sources */,
				591E0A3B5744DF37CE181EE9 /* LamanAPI.swift in Sources */,
				B1C2D3E4F5061728394A5B6C /* KeychainStore.swift in Sources */,
				46D28D3E75EFC939F1C2E16B /* StoreCardView.swift in Sources */,
				56592B0B37C82874168C8113 /* StoreDetailView.swift in Sources */,
				A2D3D3B8BEEADBA273B79719 /* StoresHubView.swift in Sources */,
				AF3170155280350A5FF58DEA /* CatalogViewModel.swift in Sources */,
				FEEF4381379BDB1B17794886 /* StoresViewModel.swift in Sources */,
			);
			runOnlyForDeploymentPostprocessing = 0;
		};
/* End PBXSourcesBuildPhase section */

/* Begin XCBuildConfiguration section */
		C15E9DE22F38BC55005F000E /* Debug */ = {
			isa = XCBuildConfiguration;
			buildSettings = {
				ALWAYS_SEARCH_USER_PATHS = NO;
				ASSETCATALOG_COMPILER_GENERATE_SWIFT_ASSET_SYMBOL_EXTENSIONS = YES;
				CLANG_ANALYZER_NONNULL = YES;
				CLANG_ANALYZER_NUMBER_OBJECT_CONVERSION = YES_AGGRESSIVE;
				CLANG_CXX_LANGUAGE_STANDARD = "gnu++20";
				CLANG_ENABLE_MODULES = YES;
				CLANG_ENABLE_OBJC_ARC = YES;
				CLANG_ENABLE_OBJC_WEAK = YES;
				CLANG_WARN_BLOCK_CAPTURE_AUTORELEASING = YES;
				CLANG_WARN_BOOL_CONVERSION = YES;
				CLANG_WARN_COMMA = YES;
				CLANG_WARN_CONSTANT_CONVERSION = YES;
				CLANG_WARN_DEPRECATED_OBJC_IMPLEMENTATIONS = YES;
				CLANG_WARN_DIRECT_OBJC_ISA_USAGE = YES_ERROR;
				CLANG_WARN_DOCUMENTATION_COMMENTS = YES;
				CLANG_WARN_EMPTY_BODY = YES;
				CLANG_WARN_ENUM_CONVERSION = YES;
				CLANG_WARN_INFINITE_RECURSION = YES;
				CLANG_WARN_INT_CONVERSION = YES;
				CLANG_WARN_NON_LITERAL_NULL_CONVERSION = YES;
				CLANG_WARN_OBJC_IMPLICIT_RETAIN_SELF = YES;
				CLANG_WARN_OBJC_LITERAL_CONVERSION = YES;
				CLANG_WARN_OBJC_ROOT_CLASS = YES_ERROR;
				CLANG_WARN_QUOTED_INCLUDE_IN_FRAMEWORK_HEADER = YES;
				CLANG_WARN_RANGE_LOOP_ANALYSIS = YES;
				CLANG_WARN_STRICT_PROTOTYPES = YES;
				CLANG_WARN_SUSPICIOUS_MOVE = YES;
				CLANG_WARN_UNGUARDED_AVAILABILITY = YES_AGGRESSIVE;
				CLANG_WARN_UNREACHABLE_CODE = YES;
				CLANG_WARN__DUPLICATE_METHOD_MATCH = YES;
				COPY_PHASE_STRIP = NO;
				DEBUG_INFORMATION_FORMAT = dwarf;
				ENABLE_STRICT_OBJC_MSGSEND = YES;
				ENABLE_TESTABILITY = YES;
				ENABLE_USER_SCRIPT_SANDBOXING = YES;
				GCC_C_LANGUAGE_STANDARD = gnu17;
				GCC_DYNAMIC_NO_PIC = NO;
				GCC_NO_COMMON_BLOCKS = YES;
				GCC_OPTIMIZATION_LEVEL = 0;
				GCC_PREPROCESSOR_DEFINITIONS = (
					"DEBUG=1",
					"$(inherited)",
				);
				GCC_WARN_64_TO_32_BIT_CONVERSION = YES;
				GCC_WARN_ABOUT_RETURN_TYPE = YES_ERROR;
				GCC_WARN_UNDECLARED_SELECTOR = YES;
				GCC_WARN_UNINITIALIZED_AUTOS = YES_AGGRESSIVE;
				GCC_WARN_UNUSED_FUNCTION = YES;
				GCC_WARN_UNUSED_VARIABLE = YES;
				IPHONEOS_DEPLOYMENT_TARGET = 26.2;
				LOCALIZATION_PREFERS_STRING_CATALOGS = YES;
				MTL_ENABLE_DEBUG_INFO = INCLUDE_SOURCE;
				MTL_FAST_MATH = YES;
				ONLY_ACTIVE_ARCH = YES;
				SDKROOT = iphoneos;
				SWIFT_ACTIVE_COMPILATION_CONDITIONS = "DEBUG $(inherited)";
				SWIFT_OPTIMIZATION_LEVEL = "-Onone";
			};
			name = Debug;
		};
		C15E9DE32F38BC55005F000E /* Release */ = {
			isa = XCBuildConfiguration;
			buildSettings = {
				ALWAYS_SEARCH_USER_PATHS = NO;
				ASSETCATALOG_COMPILER_GENERATE_SWIFT_ASSET_SYMBOL_EXTENSIONS = YES;
				CLANG_ANALYZER_NONNULL = YES;
				CLANG_ANALYZER_NUMBER_OBJECT_CONVERSION = YES_AGGRESSIVE;
				CLANG_CXX_LANGUAGE_STANDARD = "gnu++20";
				CLANG_ENABLE_MODULES = YES;
				CLANG_ENABLE_OBJC_ARC = YES;
				CLANG_ENABLE_OBJC_WEAK = YES;
				CLANG_WARN_BLOCK_CAPTURE_AUTORELEASING = YES;
				CLANG_WARN_BOOL_CONVERSION = YES;
				CLANG_WARN_COMMA = YES;
				CLANG_WARN_CONSTANT_CONVERSION = YES;
				CLANG_WARN_DEPRECATED_OBJC_IMPLEMENTATIONS = YES;
				CLANG_WARN_DIRECT_OBJC_ISA_USAGE = YES_ERROR;
				CLANG_WARN_DOCUMENTATION_COMMENTS = YES;
				CLANG_WARN_EMPTY_BODY = YES;
				CLANG_WARN_ENUM_CONVERSION = YES;
				CLANG_WARN_INFINITE_RECURSION = YES;
				CLANG_WARN_INT_CONVERSION = YES;
				CLANG_WARN_NON_LITERAL_NULL_CONVERSION = YES;
				CLANG_WARN_OBJC_IMPLICIT_RETAIN_SELF = YES;
				CLANG_WARN_OBJC_LITERAL_CONVERSION = YES;
				CLANG_WARN_OBJC_ROOT_CLASS = YES_ERROR;
				CLANG_WARN_QUOTED_INCLUDE_IN_FRAMEWORK_HEADER = YES;
				CLANG_WARN_RANGE_LOOP_ANALYSIS = YES;
				CLANG_WARN_STRICT_PROTOTYPES = YES;
				CLANG_WARN_SUSPICIOUS_MOVE = YES;
				CLANG_WARN_UNGUARDED_AVAILABILITY = YES_AGGRESSIVE;
				CLANG_WARN_UNREACHABLE_CODE = YES;
				CLANG_WARN__DUPLICATE_METHOD_MATCH = YES;
				COPY_PHASE_STRIP = NO;
				DEBUG_INFORMATION_FORMAT = "dwarf-with-dsym";
				ENABLE_NS_ASSERTIONS = NO;
				ENABLE_STRICT_OBJC_MSGSEND = YES;
				ENABLE_USER_SCRIPT_SANDBOXING = YES;
				GCC_C_LANGUAGE_STANDARD = gnu17;
				GCC_NO_COMMON_BLOCKS = YES;
				GCC_WARN_64_TO_32_BIT_CONVERSION = YES;
				GCC_WARN_ABOUT_RETURN_TYPE = YES_ERROR;
				GCC_WARN_UNDECLARED_SELECTOR = YES;
				GCC_WARN_UNINITIALIZED_AUTOS = YES_AGGRESSIVE;
				GCC_WARN_UNUSED_FUNCTION = YES;
				GCC_WARN_UNUSED_VARIABLE = YES;
				IPHONEOS_DEPLOYMENT_TARGET = 26.2;
				LOCALIZATION_PREFERS_STRING_CATALOGS = YES;
				MTL_ENABLE_DEBUG_INFO = NO;
				MTL_FAST_MATH = YES;
				SDKROOT = iphoneos;
				SWIFT_COMPILATION_MODE = wholemodule;
				VALIDATE_PRODUCT = YES;
			};
			name = Release;
		};
		C15E9DE52F38BC55005F000E /* Debug */ = {
			isa = XCBuildConfiguration;
			buildSettings = {
				ASSETCATALOG_COMPILER_APPICON_NAME = AppIcon;
				ASSETCATALOG_COMPILER_GLOBAL_ACCENT_COLOR_NAME = AccentColor;
				CODE_SIGN_STYLE = Automatic;
				CURRENT_PROJECT_VERSION = 1;
				DEVELOPMENT_TEAM = 2734TFDK66;
				ENABLE_PREVIEWS = YES;
				GENERATE_INFOPLIST_FILE = YES;
				INFOPLIST_KEY_UIApplicationSceneManifest_Generation = YES;
				INFOPLIST_KEY_UIApplicationSupportsIndirectInputEvents = YES;
				INFOPLIST_KEY_UILaunchScreen_Generation = YES;
				INFOPLIST_KEY_UISupportedInterfaceOrientations_iPad = "UIInterfaceOrientationPortrait UIInterfaceOrientationPortraitUpsideDown UIInterfaceOrientationLandscapeLeft UIInterfaceOrientationLandscapeRight";
				INFOPLIST_KEY_UISupportedInterfaceOrientations_iPhone = "UIInterfaceOrientationPortrait UIInterfaceOrientationLandscapeLeft UIInterfaceOrientationLandscapeRight";
				IPHONEOS_DEPLOYMENT_TARGET = 16.1;
				LD_RUNPATH_SEARCH_PATHS = (
					"$(inherited)",
					"@executable_path/Frameworks",
				);
				MARKETING_VERSION = 1.0;
				PRODUCT_BUNDLE_IDENTIFIER = laman.com.LamanDelivery;
				PRODUCT_NAME = "$(TARGET_NAME)";
				STRING_CATALOG_GENERATE_SYMBOLS = YES;
				SWIFT_APPROACHABLE_CONCURRENCY = YES;
				SWIFT_DEFAULT_ACTOR_ISOLATION = MainActor;
				SWIFT_EMIT_LOC_STRINGS = YES;
				SWIFT_UPCOMING_FEATURE_MEMBER_IMPORT_VISIBILITY = YES;
				SWIFT_VERSION = 5.0;
				TARGETED_DEVICE_FAMILY = "1,2";
			};
			name = Debug;
		};
		C15E9DE62F38BC55005F000E /* Release */ = {
			isa = XCBuildConfiguration;
			buildSettings = {
				ASSETCATALOG_COMPILER_APPICON_NAME = AppIcon;
				ASSETCATALOG_COMPILER_GLOBAL_ACCENT_COLOR_NAME = AccentColor;
				CODE_SIGN_STYLE = Automatic;
				CURRENT_PROJECT_VERSION = 1;
				DEVELOPMENT_TEAM = 2734TFDK66;
				ENABLE_PREVIEWS = YES;
				GENERATE_INFOPLIST_FILE = YES;
				INFOPLIST_KEY_UIApplicationSceneManifest_Generation = YES;
				INFOPLIST_KEY_UIApplicationSupportsIndirectInputEvents = YES;
				INFOPLIST_KEY_UILaunchScreen_Generation = YES;
				INFOPLIST_KEY_UISupportedInterfaceOrientations_iPad = "UIInterfaceOrientationPortrait UIInterfaceOrientationPortraitUpsideDown UIInterfaceOrientationLandscapeLeft UIInterfaceOrientationLandscapeRight";
				INFOPLIST_KEY_UISupportedInterfaceOrientations_iPhone = "UIInterfaceOrientationPortrait UIInterfaceOrientationLandscapeLeft UIInterfaceOrientationLandscapeRight";
				IPHONEOS_DEPLOYMENT_TARGET = 16.1;
				LD_RUNPATH_SEARCH_PATHS = (
					"$(inherited)",
					"@executable_path/Frameworks",
				);
				MARKETING_VERSION = 1.0;
				PRODUCT_BUNDLE_IDENTIFIER = laman.com.LamanDelivery;
				PRODUCT_NAME = "$(TARGET_NAME)";
				STRING_CATALOG_GENERATE_SYMBOLS = YES;
				SWIFT_APPROACHABLE_CONCURRENCY = YES;
				SWIFT_DEFAULT_ACTOR_ISOLATION = MainActor;
				SWIFT_EMIT_LOC_STRINGS = YES;
				SWIFT_UPCOMING_FEATURE_MEMBER_IMPORT_VISIBILITY = YES;
				SWIFT_VERSION = 5.0;
				TARGETED_DEVICE_FAMILY = "1,2";
			};
			name = Release;
		};
/* End XCBuildConfiguration section */

/* Begin XCConfigurationList section */
		C15E9DD42F38BC54005F000E /* Build configuration list for PBXProject "LamanDelivery" */ = {
			isa = XCConfigurationList;
			buildConfigurations = (
				C15E9DE22F38BC55005F000E /* Debug */,
				C15E9DE32F38BC55005F000E /* Release */,
			);
			defaultConfigurationIsVisible = 0;
			defaultConfigurationName = Release;
		};
		C15E9DE42F38BC55005F000E /* Build configuration list for PBXNativeTarget "LamanDelivery" */ = {
			isa = XCConfigurationList;
			buildConfigurations = (
				C15E9DE52F38BC55005F000E /* Debug */,
				C15E9DE62F38BC55005F000E /* Release */,
			);
			defaultConfigurationIsVisible = 0;
			defaultConfigurationName = Release;
		};
/* End XCConfigurationList section */
	};
	rootObject = C15E9DD12F38BC54005F000E /* Project object */;
}
